Microsoft Visual Studio Solution File, Format Version 12.00
# Visual Studio Version 17
VisualStudioVersion = 17.5.2.0
MinimumVisualStudioVersion = 10.0.40219.1
Project("{FAE04EC0-301F-11D3-BF4B-00C04F79EFBC}") = "module-4-mvc-net-core", "module-4-mvc-net-core.csproj", "{60EB1621-F5DB-A477-DA78-E0EFA7C2D2A7}"
EndProject
Global
	GlobalSection(SolutionConfigurationPlatforms) = preSolution
		Debug|Any CPU = Debug|Any CPU
		Release|Any CPU = Release|Any CPU
	EndGlobalSection
	GlobalSection(ProjectConfigurationPlatforms) = postSolution
		{60EB1621-F5DB-A477-DA78-E0EFA7C2D2A7}.Debug|Any CPU.ActiveCfg = Debug|Any CPU
		{60EB1621-F5DB-A477-DA78-E0EFA7C2D2A7}.Debug|Any CPU.Build.0 = Debug|Any CPU
		{60EB1621-F5DB-A477-DA78-E0EFA7C2D2A7}.Release|Any CPU.ActiveCfg = Release|Any CPU
		{60EB1621-F5DB-A477-DA78-E0EFA7C2D2A7}.Release|Any CPU.Build.0 = Release|Any CPU
	EndGlobalSection
	GlobalSection(SolutionProperties) = preSolution
		HideSolutionNode = FALSE
	EndGlobalSection
	GlobalSection(ExtensibilityGlobals) = postSolution
		SolutionGuid = {BAA408C9-1EFF-4E4E-8C41-8913B51C5042}
	EndGlobalSection
EndGlobal
